
Microsoft Visual Studio Solution File, Format Version 12.00
# Visual Studio Version 17
VisualStudioVersion = 17.7.34031.279
MinimumVisualStudioVersion = 10.0.40219.1
Project("{FAE04EC0-301F-11D3-BF4B-00C04F79EFBC}") = "LeetCode-0026-RemoveDupeSortedArr", "LeetCode-0026-RemoveDupeSortedArr\LeetCode-0026-RemoveDupeSortedArr.csproj", "{026F468C-A2BE-45F1-9108-5BA066175827}"
EndProject
Global
	GlobalSection(SolutionConfigurationPlatforms) = preSolution
		Debug|Any CPU = Debug|Any CPU
		Release|Any CPU = Release|Any CPU
	EndGlobalSection
	GlobalSection(ProjectConfigurationPlatforms) = postSolution
		{026F468C-A2BE-45F1-9108-5BA066175827}.Debug|Any CPU.ActiveCfg = Debug|Any CPU
		{026F468C-A2BE-45F1-9108-5BA066175827}.Debug|Any CPU.Build.0 = Debug|Any CPU
		{026F468C-A2BE-45F1-9108-5BA066175827}.Release|Any CPU.ActiveCfg = Release|Any CPU
		{026F468C-A2BE-45F1-9108-5BA066175827}.Release|Any CPU.Build.0 = Release|Any CPU
	EndGlobalSection
	GlobalSection(SolutionProperties) = preSolution
		HideSolutionNode = FALSE
	EndGlobalSection
	GlobalSection(ExtensibilityGlobals) = postSolution
		SolutionGuid = {B9E5E956-65BC-4B0C-AB14-CE5E1FC62845}
	EndGlobalSection
EndGlobal
